
Microsoft Visual Studio Solution File, Format Version 12.00
# Visual Studio Version 16
VisualStudioVersion = 16.0.31005.135
MinimumVisualStudioVersion = 10.0.40219.1
Project("{9A19103F-16F7-4668-BE54-9A1E7A4F7556}") = "Prerequisite", "Prerequisite.csproj", "{3A1E8B88-E24F-4678-AA4F-91D0BF2D82E1}"
EndProject
Project("{2150E333-8FDC-42A3-9474-1A3956D46DE8}") = "Solution Items", "Solution Items", "{E9E3A6D3-6FC7-441E-8046-1B1DF529329A}"
	ProjectSection(SolutionItems) = preProject
		.editorconfig = .editorconfig
	EndProjectSection
EndProject
Global
	GlobalSection(SolutionConfigurationPlatforms) = preSolution
		Debug|Any CPU = Debug|Any CPU
		Release|Any CPU = Release|Any CPU
	EndGlobalSection
	GlobalSection(ProjectConfigurationPlatforms) = postSolution
		{3A1E8B88-E24F-4678-AA4F-91D0BF2D82E1}.Debug|Any CPU.ActiveCfg = Debug|Any CPU
		{3A1E8B88-E24F-4678-AA4F-91D0BF2D82E1}.Debug|Any CPU.Build.0 = Debug|Any CPU
		{3A1E8B88-E24F-4678-AA4F-91D0BF2D82E1}.Release|Any CPU.ActiveCfg = Release|Any CPU
		{3A1E8B88-E24F-4678-AA4F-91D0BF2D82E1}.Release|Any CPU.Build.0 = Release|Any CPU
	EndGlobalSection
	GlobalSection(SolutionProperties) = preSolution
		HideSolutionNode = FALSE
	EndGlobalSection
	GlobalSection(ExtensibilityGlobals) = postSolution
		SolutionGuid = {88751C2E-508F-49C0-AA05-41B6A8E20073}
	EndGlobalSection
EndGlobal
